
Microsoft Visual Studio Solution File, Format Version 12.00
# Visual Studio Version 17
VisualStudioVersion = 17.9.34728.123
MinimumVisualStudioVersion = 10.0.40219.1
Project("{FAE04EC0-301F-11D3-BF4B-00C04F79EFBC}") = "ServiciosFreelance.Web3", "ServiciosFreelance.Web3\ServiciosFreelance.Web3.csproj", "{9173B7CD-BE2B-4710-B765-F21D760057E0}"
EndProject
Project("{FAE04EC0-301F-11D3-BF4B-00C04F79EFBC}") = "ServiciosFreelance.Entidades", "ServiciosFreelance.Entidades\ServiciosFreelance.Entidades.csproj", "{434A3E93-9E3E-4680-85F5-06BACD5F3EB2}"
EndProject
Project("{FAE04EC0-301F-11D3-BF4B-00C04F79EFBC}") = "ServiciosFreelance.Servicio", "ServiciosFreelance.Servicio\ServiciosFreelance.Servicio.csproj", "{D20C4413-D10F-40B0-A5E4-1442F095CA2F}"
EndProject
Global
	GlobalSection(SolutionConfigurationPlatforms) = preSolution
		Debug|Any CPU = Debug|Any CPU
		Release|Any CPU = Release|Any CPU
	EndGlobalSection
	GlobalSection(ProjectConfigurationPlatforms) = postSolution
		{9173B7CD-BE2B-4710-B765-F21D760057E0}.Debug|Any CPU.ActiveCfg = Debug|Any CPU
		{9173B7CD-BE2B-4710-B765-F21D760057E0}.Debug|Any CPU.Build.0 = Debug|Any CPU
		{9173B7CD-BE2B-4710-B765-F21D760057E0}.Release|Any CPU.ActiveCfg = Release|Any CPU
		{9173B7CD-BE2B-4710-B765-F21D760057E0}.Release|Any CPU.Build.0 = Release|Any CPU
		{434A3E93-9E3E-4680-85F5-06BACD5F3EB2}.Debug|Any CPU.ActiveCfg = Debug|Any CPU
		{434A3E93-9E3E-4680-85F5-06BACD5F3EB2}.Debug|Any CPU.Build.0 = Debug|Any CPU
		{434A3E93-9E3E-4680-85F5-06BACD5F3EB2}.Release|Any CPU.ActiveCfg = Release|Any CPU
		{434A3E93-9E3E-4680-85F5-06BACD5F3EB2}.Release|Any CPU.Build.0 = Release|Any CPU
		{D20C4413-D10F-40B0-A5E4-1442F095CA2F}.Debug|Any CPU.ActiveCfg = Debug|Any CPU
		{D20C4413-D10F-40B0-A5E4-1442F095CA2F}.Debug|Any CPU.Build.0 = Debug|Any CPU
		{D20C4413-D10F-40B0-A5E4-1442F095CA2F}.Release|Any CPU.ActiveCfg = Release|Any CPU
		{D20C4413-D10F-40B0-A5E4-1442F095CA2F}.Release|Any CPU.Build.0 = Release|Any CPU
	EndGlobalSection
	GlobalSection(SolutionProperties) = preSolution
		HideSolutionNode = FALSE
	EndGlobalSection
	GlobalSection(ExtensibilityGlobals) = postSolution
		SolutionGuid = {49EAF08F-A3D9-4B38-AB0B-8FD50D541DCE}
	EndGlobalSection
EndGlobal
