
Microsoft Visual Studio Solution File, Format Version 12.00
# Visual Studio Version 17
VisualStudioVersion = 17.8.34330.188
MinimumVisualStudioVersion = 10.0.40219.1
Project("{FAE04EC0-301F-11D3-BF4B-00C04F79EFBC}") = "Competidores.Web", "Competidores.Web\Competidores.Web.csproj", "{3CD61944-0998-4666-8241-551725C0D2BF}"
EndProject
Project("{FAE04EC0-301F-11D3-BF4B-00C04F79EFBC}") = "Competidores.Data", "Competidores.Data\Competidores.Data.csproj", "{0B231CDC-7905-4609-AF81-DA982774528B}"
EndProject
Project("{FAE04EC0-301F-11D3-BF4B-00C04F79EFBC}") = "Competidores.Servicios", "Competidores.Servicios\Competidores.Servicios.csproj", "{02DBE809-B800-40ED-A975-97AFF23EF30A}"
EndProject
Global
	GlobalSection(SolutionConfigurationPlatforms) = preSolution
		Debug|Any CPU = Debug|Any CPU
		Release|Any CPU = Release|Any CPU
	EndGlobalSection
	GlobalSection(ProjectConfigurationPlatforms) = postSolution
		{3CD61944-0998-4666-8241-551725C0D2BF}.Debug|Any CPU.ActiveCfg = Debug|Any CPU
		{3CD61944-0998-4666-8241-551725C0D2BF}.Debug|Any CPU.Build.0 = Debug|Any CPU
		{3CD61944-0998-4666-8241-551725C0D2BF}.Release|Any CPU.ActiveCfg = Release|Any CPU
		{3CD61944-0998-4666-8241-551725C0D2BF}.Release|Any CPU.Build.0 = Release|Any CPU
		{0B231CDC-7905-4609-AF81-DA982774528B}.Debug|Any CPU.ActiveCfg = Debug|Any CPU
		{0B231CDC-7905-4609-AF81-DA982774528B}.Debug|Any CPU.Build.0 = Debug|Any CPU
		{0B231CDC-7905-4609-AF81-DA982774528B}.Release|Any CPU.ActiveCfg = Release|Any CPU
		{0B231CDC-7905-4609-AF81-DA982774528B}.Release|Any CPU.Build.0 = Release|Any CPU
		{02DBE809-B800-40ED-A975-97AFF23EF30A}.Debug|Any CPU.ActiveCfg = Debug|Any CPU
		{02DBE809-B800-40ED-A975-97AFF23EF30A}.Debug|Any CPU.Build.0 = Debug|Any CPU
		{02DBE809-B800-40ED-A975-97AFF23EF30A}.Release|Any CPU.ActiveCfg = Release|Any CPU
		{02DBE809-B800-40ED-A975-97AFF23EF30A}.Release|Any CPU.Build.0 = Release|Any CPU
	EndGlobalSection
	GlobalSection(SolutionProperties) = preSolution
		HideSolutionNode = FALSE
	EndGlobalSection
	GlobalSection(ExtensibilityGlobals) = postSolution
		SolutionGuid = {C3E217DA-D16A-4532-A778-FDC8C3A63FE9}
	EndGlobalSection
EndGlobal
