
Microsoft Visual Studio Solution File, Format Version 12.00
# Visual Studio Version 17
VisualStudioVersion = 17.8.34330.188
MinimumVisualStudioVersion = 10.0.40219.1
Project("{9A19103F-16F7-4668-BE54-9A1E7A4F7556}") = "RegistroAduaneroDB", "RegistroAduaneroDeBarcos\RegistroAduaneroDB.csproj", "{318E0ABD-B1D3-486B-A777-1E84629A4D29}"
EndProject
Project("{9A19103F-16F7-4668-BE54-9A1E7A4F7556}") = "RegistroAduanero.Entidad", "RegistroAduanero.Entidad\RegistroAduanero.Entidad.csproj", "{CAA1AD82-D8E9-4440-ADF7-31D230F94D0C}"
EndProject
Project("{9A19103F-16F7-4668-BE54-9A1E7A4F7556}") = "RegistroAduanero.Servicio", "RegistroAduanero.Servicio\RegistroAduanero.Servicio.csproj", "{4E2371B1-91AE-4219-8812-F60622DF5A2A}"
EndProject
Global
	GlobalSection(SolutionConfigurationPlatforms) = preSolution
		Debug|Any CPU = Debug|Any CPU
		Release|Any CPU = Release|Any CPU
	EndGlobalSection
	GlobalSection(ProjectConfigurationPlatforms) = postSolution
		{318E0ABD-B1D3-486B-A777-1E84629A4D29}.Debug|Any CPU.ActiveCfg = Debug|Any CPU
		{318E0ABD-B1D3-486B-A777-1E84629A4D29}.Debug|Any CPU.Build.0 = Debug|Any CPU
		{318E0ABD-B1D3-486B-A777-1E84629A4D29}.Release|Any CPU.ActiveCfg = Release|Any CPU
		{318E0ABD-B1D3-486B-A777-1E84629A4D29}.Release|Any CPU.Build.0 = Release|Any CPU
		{CAA1AD82-D8E9-4440-ADF7-31D230F94D0C}.Debug|Any CPU.ActiveCfg = Debug|Any CPU
		{CAA1AD82-D8E9-4440-ADF7-31D230F94D0C}.Debug|Any CPU.Build.0 = Debug|Any CPU
		{CAA1AD82-D8E9-4440-ADF7-31D230F94D0C}.Release|Any CPU.ActiveCfg = Release|Any CPU
		{CAA1AD82-D8E9-4440-ADF7-31D230F94D0C}.Release|Any CPU.Build.0 = Release|Any CPU
		{4E2371B1-91AE-4219-8812-F60622DF5A2A}.Debug|Any CPU.ActiveCfg = Debug|Any CPU
		{4E2371B1-91AE-4219-8812-F60622DF5A2A}.Debug|Any CPU.Build.0 = Debug|Any CPU
		{4E2371B1-91AE-4219-8812-F60622DF5A2A}.Release|Any CPU.ActiveCfg = Release|Any CPU
		{4E2371B1-91AE-4219-8812-F60622DF5A2A}.Release|Any CPU.Build.0 = Release|Any CPU
	EndGlobalSection
	GlobalSection(SolutionProperties) = preSolution
		HideSolutionNode = FALSE
	EndGlobalSection
	GlobalSection(ExtensibilityGlobals) = postSolution
		SolutionGuid = {D54D14C9-B7D1-4A6B-BCBB-69E24BB78B59}
	EndGlobalSection
EndGlobal
